
Microsoft Visual Studio Solution File, Format Version 12.00
# Visual Studio 2013
VisualStudioVersion = 12.0.21005.1
MinimumVisualStudioVersion = 10.0.40219.1
Project("{8BC9CEB8-8B4A-11D0-8D11-00A0C91BC942}") = "cs5541ass1", "cs5541ass1\cs5541ass1.vcxproj", "{CCC9D6FD-0A26-4FF7-A6D9-1680E31EAB4F}"
EndProject
Global
	GlobalSection(SolutionConfigurationPlatforms) = preSolution
		Debug|Win32 = Debug|Win32
		Release|Win32 = Release|Win32
	EndGlobalSection
	GlobalSection(ProjectConfigurationPlatforms) = postSolution
		{CCC9D6FD-0A26-4FF7-A6D9-1680E31EAB4F}.Debug|Win32.ActiveCfg = Debug|Win32
		{CCC9D6FD-0A26-4FF7-A6D9-1680E31EAB4F}.Debug|Win32.Build.0 = Debug|Win32
		{CCC9D6FD-0A26-4FF7-A6D9-1680E31EAB4F}.Release|Win32.ActiveCfg = Release|Win32
		{CCC9D6FD-0A26-4FF7-A6D9-1680E31EAB4F}.Release|Win32.Build.0 = Release|Win32
	EndGlobalSection
	GlobalSection(SolutionProperties) = preSolution
		HideSolutionNode = FALSE
	EndGlobalSection
EndGlobal
