
Microsoft Visual Studio Solution File, Format Version 11.00
# Visual C# Express 2010
Project("{FAE04EC0-301F-11D3-BF4B-00C04F79EFBC}") = "Assignment 2", "Assignment 2\Assignment 2.csproj", "{1CC9B9B9-034E-4AE0-B919-99FBD2165D99}"
EndProject
Global
	GlobalSection(SolutionConfigurationPlatforms) = preSolution
		Debug|x86 = Debug|x86
		Release|x86 = Release|x86
	EndGlobalSection
	GlobalSection(ProjectConfigurationPlatforms) = postSolution
		{1CC9B9B9-034E-4AE0-B919-99FBD2165D99}.Debug|x86.ActiveCfg = Debug|x86
		{1CC9B9B9-034E-4AE0-B919-99FBD2165D99}.Debug|x86.Build.0 = Debug|x86
		{1CC9B9B9-034E-4AE0-B919-99FBD2165D99}.Release|x86.ActiveCfg = Release|x86
		{1CC9B9B9-034E-4AE0-B919-99FBD2165D99}.Release|x86.Build.0 = Release|x86
	EndGlobalSection
	GlobalSection(SolutionProperties) = preSolution
		HideSolutionNode = FALSE
	EndGlobalSection
EndGlobal
